// !$*UTF8*$!
{
	archiveVersion = 1;
	classes = {
	};
	objectVersion = 56;
	objects = {

/* Begin PBXBuildFile section */
		85143C7629F6C16100046154 /* AppDelegate.swift in Sources */ = {isa = PBXBuildFile; fileRef = 85143C7529F6C16100046154 /* AppDelegate.swift */; };
		85143C7829F6C16100046154 /* SceneDelegate.swift in Sources */ = {isa = PBXBuildFile; fileRef = 85143C7729F6C16100046154 /* SceneDelegate.swift */; };
		85143C7D29F6C16100046154 /* Main.storyboard in Resources */ = {isa = PBXBuildFile; fileRef = 85143C7B29F6C16100046154 /* Main.storyboard */; };
		85143C8029F6C16100046154 /* AppleMusicClone.xcdatamodeld in Sources */ = {isa = PBXBuildFile; fileRef = 85143C7E29F6C16100046154 /* AppleMusicClone.xcdatamodeld */; };
		85143C8229F6C16200046154 /* Assets.xcassets in Resources */ = {isa = PBXBuildFile; fileRef = 85143C8129F6C16200046154 /* Assets.xcassets */; };
		85143C8529F6C16200046154 /* LaunchScreen.storyboard in Resources */ = {isa = PBXBuildFile; fileRef = 85143C8329F6C16200046154 /* LaunchScreen.storyboard */; };
		85143C9529F6C67600046154 /* RecentSongsHeader.swift in Sources */ = {isa = PBXBuildFile; fileRef = 85143C9429F6C67600046154 /* RecentSongsHeader.swift */; };
		85143C9729F6C7A500046154 /* RecentSongCell.swift in Sources */ = {isa = PBXBuildFile; fileRef = 85143C9629F6C7A500046154 /* RecentSongCell.swift */; };
		85143C9929F6DEDC00046154 /* OptionCell.swift in Sources */ = {isa = PBXBuildFile; fileRef = 85143C9829F6DEDC00046154 /* OptionCell.swift */; };
		85BE5FC829F7E7CD0052A281 /* InitialTabBarVC.swift in Sources */ = {isa = PBXBuildFile; fileRef = 85BE5FC729F7E7CD0052A281 /* InitialTabBarVC.swift */; };
		85BE5FCA29F7E83A0052A281 /* SearchVC.swift in Sources */ = {isa = PBXBuildFile; fileRef = 85BE5FC929F7E83A0052A281 /* SearchVC.swift */; };
		85BE5FCC29F7E8670052A281 /* LibraryVC.swift in Sources */ = {isa = PBXBuildFile; fileRef = 85BE5FCB29F7E8670052A281 /* LibraryVC.swift */; };
		85BE5FCE29F7E8780052A281 /* RadioVC.swift in Sources */ = {isa = PBXBuildFile; fileRef = 85BE5FCD29F7E8780052A281 /* RadioVC.swift */; };
		85BE5FD029F7E8850052A281 /* BrowseVC.swift in Sources */ = {isa = PBXBuildFile; fileRef = 85BE5FCF29F7E8850052A281 /* BrowseVC.swift */; };
		85BE5FD229F7E8970052A281 /* ExploreVC.swift in Sources */ = {isa = PBXBuildFile; fileRef = 85BE5FD129F7E8970052A281 /* ExploreVC.swift */; };
		85BE5FD629F7F6C20052A281 /* Option.swift in Sources */ = {isa = PBXBuildFile; fileRef = 85BE5FD529F7F6C20052A281 /* Option.swift */; };
		85BE5FD829F7FB170052A281 /* SongVC.swift in Sources */ = {isa = PBXBuildFile; fileRef = 85BE5FD729F7FB170052A281 /* SongVC.swift */; };
		85BE5FDE29F7FF800052A281 /* miley-cyrus-flowers.mp3 in Resources */ = {isa = PBXBuildFile; fileRef = 85BE5FDD29F7FF800052A281 /* miley-cyrus-flowers.mp3 */; };
		85E00E1C29FA9CBF00661A55 /* ExploreCell.swift in Sources */ = {isa = PBXBuildFile; fileRef = 85E00E1B29FA9CBF00661A55 /* ExploreCell.swift */; };
		85EA5C8429F91277007D5876 /* Extensions.swift in Sources */ = {isa = PBXBuildFile; fileRef = 85EA5C8329F91277007D5876 /* Extensions.swift */; };
		85EA5C8829F92A62007D5876 /* SearchCell.swift in Sources */ = {isa = PBXBuildFile; fileRef = 85EA5C8729F92A62007D5876 /* SearchCell.swift */; };
		85EA5C8A29F92A7A007D5876 /* SearchVCHeader.swift in Sources */ = {isa = PBXBuildFile; fileRef = 85EA5C8929F92A7A007D5876 /* SearchVCHeader.swift */; };
/* End PBXBuildFile section */

/* Begin PBXFileReference section */
		85143C7229F6C16100046154 /* AppleMusicClone.app */ = {isa = PBXFileReference; explicitFileType = wrapper.application; includeInIndex = 0; path = AppleMusicClone.app; sourceTree = BUILT_PRODUCTS_DIR; };
		85143C7529F6C16100046154 /* AppDelegate.swift */ = {isa = PBXFileReference; lastKnownFileType = sourcecode.swift; path = AppDelegate.swift; sourceTree = "<group>"; };
		85143C7729F6C16100046154 /* SceneDelegate.swift */ = {isa = PBXFileReference; lastKnownFileType = sourcecode.swift; path = SceneDelegate.swift; sourceTree = "<group>"; };
		85143C7C29F6C16100046154 /* Base */ = {isa = PBXFileReference; lastKnownFileType = file.storyboard; name = Base; path = Base.lproj/Main.storyboard; sourceTree = "<group>"; };
		85143C7F29F6C16100046154 /* AppleMusicClone.xcdatamodel */ = {isa = PBXFileReference; lastKnownFileType = wrapper.xcdatamodel; path = AppleMusicClone.xcdatamodel; sourceTree = "<group>"; };
		85143C8129F6C16200046154 /* Assets.xcassets */ = {isa = PBXFileReference; lastKnownFileType = folder.assetcatalog; path = Assets.xcassets; sourceTree = "<group>"; };
		85143C8429F6C16200046154 /* Base */ = {isa = PBXFileReference; lastKnownFileType = file.storyboard; name = Base; path = Base.lproj/LaunchScreen.storyboard; sourceTree = "<group>"; };
		85143C8629F6C16200046154 /* Info.plist */ = {isa = PBXFileReference; lastKnownFileType = text.plist.xml; path = Info.plist; sourceTree = "<group>"; };
		85143C9429F6C67600046154 /* RecentSongsHeader.swift */ = {isa = PBXFileReference; lastKnownFileType = sourcecode.swift; path = RecentSongsHeader.swift; sourceTree = "<group>"; };
		85143C9629F6C7A500046154 /* RecentSongCell.swift */ = {isa = PBXFileReference; lastKnownFileType = sourcecode.swift; path = RecentSongCell.swift; sourceTree = "<group>"; };
		85143C9829F6DEDC00046154 /* OptionCell.swift */ = {isa = PBXFileReference; lastKnownFileType = sourcecode.swift; path = OptionCell.swift; sourceTree = "<group>"; };
		85BE5FC729F7E7CD0052A281 /* InitialTabBarVC.swift */ = {isa = PBXFileReference; lastKnownFileType = sourcecode.swift; path = InitialTabBarVC.swift; sourceTree = "<group>"; };
		85BE5FC929F7E83A0052A281 /* SearchVC.swift */ = {isa = PBXFileReference; lastKnownFileType = sourcecode.swift; path = SearchVC.swift; sourceTree = "<group>"; };
		85BE5FCB29F7E8670052A281 /* LibraryVC.swift */ = {isa = PBXFileReference; lastKnownFileType = sourcecode.swift; path = LibraryVC.swift; sourceTree = "<group>"; };
		85BE5FCD29F7E8780052A281 /* RadioVC.swift */ = {isa = PBXFileReference; lastKnownFileType = sourcecode.swift; path = RadioVC.swift; sourceTree = "<group>"; };
		85BE5FCF29F7E8850052A281 /* BrowseVC.swift */ = {isa = PBXFileReference; lastKnownFileType = sourcecode.swift; path = BrowseVC.swift; sourceTree = "<group>"; };
		85BE5FD129F7E8970052A281 /* ExploreVC.swift */ = {isa = PBXFileReference; lastKnownFileType = sourcecode.swift; path = ExploreVC.swift; sourceTree = "<group>"; };
		85BE5FD529F7F6C20052A281 /* Option.swift */ = {isa = PBXFileReference; lastKnownFileType = sourcecode.swift; path = Option.swift; sourceTree = "<group>"; };
		85BE5FD729F7FB170052A281 /* SongVC.swift */ = {isa = PBXFileReference; lastKnownFileType = sourcecode.swift; path = SongVC.swift; sourceTree = "<group>"; };
		85BE5FDD29F7FF800052A281 /* miley-cyrus-flowers.mp3 */ = {isa = PBXFileReference; lastKnownFileType = audio.mp3; name = "miley-cyrus-flowers.mp3"; path = "../../../../Downloads/miley-cyrus-flowers.mp3"; sourceTree = "<group>"; };
		85E00E1B29FA9CBF00661A55 /* ExploreCell.swift */ = {isa = PBXFileReference; lastKnownFileType = sourcecode.swift; path = ExploreCell.swift; sourceTree = "<group>"; };
		85EA5C8329F91277007D5876 /* Extensions.swift */ = {isa = PBXFileReference; lastKnownFileType = sourcecode.swift; path = Extensions.swift; sourceTree = "<group>"; };
		85EA5C8729F92A62007D5876 /* SearchCell.swift */ = {isa = PBXFileReference; lastKnownFileType = sourcecode.swift; path = SearchCell.swift; sourceTree = "<group>"; };
		85EA5C8929F92A7A007D5876 /* SearchVCHeader.swift */ = {isa = PBXFileReference; lastKnownFileType = sourcecode.swift; path = SearchVCHeader.swift; sourceTree = "<group>"; };
/* End PBXFileReference section */

/* Begin PBXFrameworksBuildPhase section */
		85143C6F29F6C16100046154 /* Frameworks */ = {
			isa = PBXFrameworksBuildPhase;
			buildActionMask = 2147483647;
			files = (
			);
			runOnlyForDeploymentPostprocessing = 0;
		};
/* End PBXFrameworksBuildPhase section */

/* Begin PBXGroup section */
		85143C6929F6C16100046154 = {
			isa = PBXGroup;
			children = (
				85143C7429F6C16100046154 /* AppleMusicClone */,
				85143C7329F6C16100046154 /* Products */,
			);
			sourceTree = "<group>";
		};
		85143C7329F6C16100046154 /* Products */ = {
			isa = PBXGroup;
			children = (
				85143C7229F6C16100046154 /* AppleMusicClone.app */,
			);
			name = Products;
			sourceTree = "<group>";
		};
		85143C7429F6C16100046154 /* AppleMusicClone */ = {
			isa = PBXGroup;
			children = (
				85EA5C8229F9126F007D5876 /* Utilities */,
				85BE5FDF29F809C00052A281 /* API */,
				85143C8F29F6C1B100046154 /* ViewModel */,
				85143C8E29F6C1AB00046154 /* View */,
				85143C8C29F6C19800046154 /* Model */,
				85143C7529F6C16100046154 /* AppDelegate.swift */,
				85143C7729F6C16100046154 /* SceneDelegate.swift */,
				85143C7B29F6C16100046154 /* Main.storyboard */,
				85BE5FDD29F7FF800052A281 /* miley-cyrus-flowers.mp3 */,
				85143C8129F6C16200046154 /* Assets.xcassets */,
				85143C8329F6C16200046154 /* LaunchScreen.storyboard */,
				85143C8629F6C16200046154 /* Info.plist */,
				85143C7E29F6C16100046154 /* AppleMusicClone.xcdatamodeld */,
			);
			path = AppleMusicClone;
			sourceTree = "<group>";
		};
		85143C8C29F6C19800046154 /* Model */ = {
			isa = PBXGroup;
			children = (
				85BE5FD529F7F6C20052A281 /* Option.swift */,
			);
			path = Model;
			sourceTree = "<group>";
		};
		85143C8E29F6C1AB00046154 /* View */ = {
			isa = PBXGroup;
			children = (
				85143C9129F6C1C200046154 /* Controllers */,
				85143C9429F6C67600046154 /* RecentSongsHeader.swift */,
				85143C9629F6C7A500046154 /* RecentSongCell.swift */,
				85143C9829F6DEDC00046154 /* OptionCell.swift */,
				85EA5C8729F92A62007D5876 /* SearchCell.swift */,
				85EA5C8929F92A7A007D5876 /* SearchVCHeader.swift */,
				85E00E1B29FA9CBF00661A55 /* ExploreCell.swift */,
			);
			path = View;
			sourceTree = "<group>";
		};
		85143C8F29F6C1B100046154 /* ViewModel */ = {
			isa = PBXGroup;
			children = (
			);
			path = ViewModel;
			sourceTree = "<group>";
		};
		85143C9129F6C1C200046154 /* Controllers */ = {
			isa = PBXGroup;
			children = (
				85BE5FC729F7E7CD0052A281 /* InitialTabBarVC.swift */,
				85BE5FC929F7E83A0052A281 /* SearchVC.swift */,
				85BE5FCB29F7E8670052A281 /* LibraryVC.swift */,
				85BE5FCD29F7E8780052A281 /* RadioVC.swift */,
				85BE5FCF29F7E8850052A281 /* BrowseVC.swift */,
				85BE5FD129F7E8970052A281 /* ExploreVC.swift */,
				85BE5FD729F7FB170052A281 /* SongVC.swift */,
			);
			path = Controllers;
			sourceTree = "<group>";
		};
		85BE5FDF29F809C00052A281 /* API */ = {
			isa = PBXGroup;
			children = (
			);
			path = API;
			sourceTree = "<group>";
		};
		85EA5C8229F9126F007D5876 /* Utilities */ = {
			isa = PBXGroup;
			children = (
				85EA5C8329F91277007D5876 /* Extensions.swift */,
			);
			path = Utilities;
			sourceTree = "<group>";
		};
/* End PBXGroup section */

/* Begin PBXNativeTarget section */
		85143C7129F6C16100046154 /* AppleMusicClone */ = {
			isa = PBXNativeTarget;
			buildConfigurationList = 85143C8929F6C16200046154 /* Build configuration list for PBXNativeTarget "AppleMusicClone" */;
			buildPhases = (
				85143C6E29F6C16100046154 /* Sources */,
				85143C6F29F6C16100046154 /* Frameworks */,
				85143C7029F6C16100046154 /* Resources */,
			);
			buildRules = (
			);
			dependencies = (
			);
			name = AppleMusicClone;
			productName = AppleMusicClone;
			productReference = 85143C7229F6C16100046154 /* AppleMusicClone.app */;
			productType = "com.apple.product-type.application";
		};
/* End PBXNativeTarget section */

/* Begin PBXProject section */
		85143C6A29F6C16100046154 /* Project object */ = {
			isa = PBXProject;
			attributes = {
				BuildIndependentTargetsInParallel = 1;
				LastSwiftUpdateCheck = 1430;
				LastUpgradeCheck = 1430;
				TargetAttributes = {
					85143C7129F6C16100046154 = {
						CreatedOnToolsVersion = 14.3;
					};
				};
			};
			buildConfigurationList = 85143C6D29F6C16100046154 /* Build configuration list for PBXProject "AppleMusicClone" */;
			compatibilityVersion = "Xcode 14.0";
			developmentRegion = en;
			hasScannedForEncodings = 0;
			knownRegions = (
				en,
				Base,
			);
			mainGroup = 85143C6929F6C16100046154;
			productRefGroup = 85143C7329F6C16100046154 /* Products */;
			projectDirPath = "";
			projectRoot = "";
			targets = (
				85143C7129F6C16100046154 /* AppleMusicClone */,
			);
		};
/* End PBXProject section */

/* Begin PBXResourcesBuildPhase section */
		85143C7029F6C16100046154 /* Resources */ = {
			isa = PBXResourcesBuildPhase;
			buildActionMask = 2147483647;
			files = (
				85143C8529F6C16200046154 /* LaunchScreen.storyboard in Resources */,
				85143C8229F6C16200046154 /* Assets.xcassets in Resources */,
				85143C7D29F6C16100046154 /* Main.storyboard in Resources */,
				85BE5FDE29F7FF800052A281 /* miley-cyrus-flowers.mp3 in Resources */,
			);
			runOnlyForDeploymentPostprocessing = 0;
		};
/* End PBXResourcesBuildPhase section */

/* Begin PBXSourcesBuildPhase section */
		85143C6E29F6C16100046154 /* Sources */ = {
			isa = PBXSourcesBuildPhase;
			buildActionMask = 2147483647;
			files = (
				85EA5C8A29F92A7A007D5876 /* SearchVCHeader.swift in Sources */,
				85BE5FCE29F7E8780052A281 /* RadioVC.swift in Sources */,
				85EA5C8829F92A62007D5876 /* SearchCell.swift in Sources */,
				85143C9529F6C67600046154 /* RecentSongsHeader.swift in Sources */,
				85143C8029F6C16100046154 /* AppleMusicClone.xcdatamodeld in Sources */,
				85143C9929F6DEDC00046154 /* OptionCell.swift in Sources */,
				85BE5FD029F7E8850052A281 /* BrowseVC.swift in Sources */,
				85BE5FD829F7FB170052A281 /* SongVC.swift in Sources */,
				85BE5FCA29F7E83A0052A281 /* SearchVC.swift in Sources */,
				85BE5FCC29F7E8670052A281 /* LibraryVC.swift in Sources */,
				85BE5FD629F7F6C20052A281 /* Option.swift in Sources */,
				85143C7629F6C16100046154 /* AppDelegate.swift in Sources */,
				85EA5C8429F91277007D5876 /* Extensions.swift in Sources */,
				85143C9729F6C7A500046154 /* RecentSongCell.swift in Sources */,
				85143C7829F6C16100046154 /* SceneDelegate.swift in Sources */,
				85BE5FC829F7E7CD0052A281 /* InitialTabBarVC.swift in Sources */,
				85BE5FD229F7E8970052A281 /* ExploreVC.swift in Sources */,
				85E00E1C29FA9CBF00661A55 /* ExploreCell.swift in Sources */,
			);
			runOnlyForDeploymentPostprocessing = 0;
		};
/* End PBXSourcesBuildPhase section */

/* Begin PBXVariantGroup section */
		85143C7B29F6C16100046154 /* Main.storyboard */ = {
			isa = PBXVariantGroup;
			children = (
				85143C7C29F6C16100046154 /* Base */,
			);
			name = Main.storyboard;
			sourceTree = "<group>";
		};
		85143C8329F6C16200046154 /* LaunchScreen.storyboard */ = {
			isa = PBXVariantGroup;
			children = (
				85143C8429F6C16200046154 /* Base */,
			);
			name = LaunchScreen.storyboard;
			sourceTree = "<group>";
		};
/* End PBXVariantGroup section */

/* Begin XCBuildConfiguration section */
		85143C8729F6C16200046154 /* Debug */ = {
			isa = XCBuildConfiguration;
			buildSettings = {
				ALWAYS_SEARCH_USER_PATHS = NO;
				CLANG_ANALYZER_NONNULL = YES;
				CLANG_ANALYZER_NUMBER_OBJECT_CONVERSION = YES_AGGRESSIVE;
				CLANG_CXX_LANGUAGE_STANDARD = "gnu++20";
				CLANG_ENABLE_MODULES = YES;
				CLANG_ENABLE_OBJC_ARC = YES;
				CLANG_ENABLE_OBJC_WEAK = YES;
				CLANG_WARN_BLOCK_CAPTURE_AUTORELEASING = YES;
				CLANG_WARN_BOOL_CONVERSION = YES;
				CLANG_WARN_COMMA = YES;
				CLANG_WARN_CONSTANT_CONVERSION = YES;
				CLANG_WARN_DEPRECATED_OBJC_IMPLEMENTATIONS = YES;
				CLANG_WARN_DIRECT_OBJC_ISA_USAGE = YES_ERROR;
				CLANG_WARN_DOCUMENTATION_COMMENTS = YES;
				CLANG_WARN_EMPTY_BODY = YES;
				CLANG_WARN_ENUM_CONVERSION = YES;
				CLANG_WARN_INFINITE_RECURSION = YES;
				CLANG_WARN_INT_CONVERSION = YES;
				CLANG_WARN_NON_LITERAL_NULL_CONVERSION = YES;
				CLANG_WARN_OBJC_IMPLICIT_RETAIN_SELF = YES;
				CLANG_WARN_OBJC_LITERAL_CONVERSION = YES;
				CLANG_WARN_OBJC_ROOT_CLASS = YES_ERROR;
				CLANG_WARN_QUOTED_INCLUDE_IN_FRAMEWORK_HEADER = YES;
				CLANG_WARN_RANGE_LOOP_ANALYSIS = YES;
				CLANG_WARN_STRICT_PROTOTYPES = YES;
				CLANG_WARN_SUSPICIOUS_MOVE = YES;
				CLANG_WARN_UNGUARDED_AVAILABILITY = YES_AGGRESSIVE;
				CLANG_WARN_UNREACHABLE_CODE = YES;
				CLANG_WARN__DUPLICATE_METHOD_MATCH = YES;
				COPY_PHASE_STRIP = NO;
				DEBUG_INFORMATION_FORMAT = dwarf;
				ENABLE_STRICT_OBJC_MSGSEND = YES;
				ENABLE_TESTABILITY = YES;
				GCC_C_LANGUAGE_STANDARD = gnu11;
				GCC_DYNAMIC_NO_PIC = NO;
				GCC_NO_COMMON_BLOCKS = YES;
				GCC_OPTIMIZATION_LEVEL = 0;
				GCC_PREPROCESSOR_DEFINITIONS = (
					"DEBUG=1",
					"$(inherited)",
				);
				GCC_WARN_64_TO_32_BIT_CONVERSION = YES;
				GCC_WARN_ABOUT_RETURN_TYPE = YES_ERROR;
				GCC_WARN_UNDECLARED_SELECTOR = YES;
				GCC_WARN_UNINITIALIZED_AUTOS = YES_AGGRESSIVE;
				GCC_WARN_UNUSED_FUNCTION = YES;
				GCC_WARN_UNUSED_VARIABLE = YES;
				IPHONEOS_DEPLOYMENT_TARGET = 16.4;
				MTL_ENABLE_DEBUG_INFO = INCLUDE_SOURCE;
				MTL_FAST_MATH = YES;
				ONLY_ACTIVE_ARCH = YES;
				SDKROOT = iphoneos;
				SWIFT_ACTIVE_COMPILATION_CONDITIONS = DEBUG;
				SWIFT_OPTIMIZATION_LEVEL = "-Onone";
			};
			name = Debug;
		};
		85143C8829F6C16200046154 /* Release */ = {
			isa = XCBuildConfiguration;
			buildSettings = {
				ALWAYS_SEARCH_USER_PATHS = NO;
				CLANG_ANALYZER_NONNULL = YES;
				CLANG_ANALYZER_NUMBER_OBJECT_CONVERSION = YES_AGGRESSIVE;
				CLANG_CXX_LANGUAGE_STANDARD = "gnu++20";
				CLANG_ENABLE_MODULES = YES;
				CLANG_ENABLE_OBJC_ARC = YES;
				CLANG_ENABLE_OBJC_WEAK = YES;
				CLANG_WARN_BLOCK_CAPTURE_AUTORELEASING = YES;
				CLANG_WARN_BOOL_CONVERSION = YES;
				CLANG_WARN_COMMA = YES;
				CLANG_WARN_CONSTANT_CONVERSION = YES;
				CLANG_WARN_DEPRECATED_OBJC_IMPLEMENTATIONS = YES;
				CLANG_WARN_DIRECT_OBJC_ISA_USAGE = YES_ERROR;
				CLANG_WARN_DOCUMENTATION_COMMENTS = YES;
				CLANG_WARN_EMPTY_BODY = YES;
				CLANG_WARN_ENUM_CONVERSION = YES;
				CLANG_WARN_INFINITE_RECURSION = YES;
				CLANG_WARN_INT_CONVERSION = YES;
				CLANG_WARN_NON_LITERAL_NULL_CONVERSION = YES;
				CLANG_WARN_OBJC_IMPLICIT_RETAIN_SELF = YES;
				CLANG_WARN_OBJC_LITERAL_CONVERSION = YES;
				CLANG_WARN_OBJC_ROOT_CLASS = YES_ERROR;
				CLANG_WARN_QUOTED_INCLUDE_IN_FRAMEWORK_HEADER = YES;
				CLANG_WARN_RANGE_LOOP_ANALYSIS = YES;
				CLANG_WARN_STRICT_PROTOTYPES = YES;
				CLANG_WARN_SUSPICIOUS_MOVE = YES;
				CLANG_WARN_UNGUARDED_AVAILABILITY = YES_AGGRESSIVE;
				CLANG_WARN_UNREACHABLE_CODE = YES;
				CLANG_WARN__DUPLICATE_METHOD_MATCH = YES;
				COPY_PHASE_STRIP = NO;
				DEBUG_INFORMATION_FORMAT = "dwarf-with-dsym";
				ENABLE_NS_ASSERTIONS = NO;
				ENABLE_STRICT_OBJC_MSGSEND = YES;
				GCC_C_LANGUAGE_STANDARD = gnu11;
				GCC_NO_COMMON_BLOCKS = YES;
				GCC_WARN_64_TO_32_BIT_CONVERSION = YES;
				GCC_WARN_ABOUT_RETURN_TYPE = YES_ERROR;
				GCC_WARN_UNDECLARED_SELECTOR = YES;
				GCC_WARN_UNINITIALIZED_AUTOS = YES_AGGRESSIVE;
				GCC_WARN_UNUSED_FUNCTION = YES;
				GCC_WARN_UNUSED_VARIABLE = YES;
				IPHONEOS_DEPLOYMENT_TARGET = 16.4;
				MTL_ENABLE_DEBUG_INFO = NO;
				MTL_FAST_MATH = YES;
				SDKROOT = iphoneos;
				SWIFT_COMPILATION_MODE = wholemodule;
				SWIFT_OPTIMIZATION_LEVEL = "-O";
				VALIDATE_PRODUCT = YES;
			};
			name = Release;
		};
		85143C8A29F6C16200046154 /* Debug */ = {
			isa = XCBuildConfiguration;
			buildSettings = {
				ASSETCATALOG_COMPILER_APPICON_NAME = AppIcon;
				ASSETCATALOG_COMPILER_GLOBAL_ACCENT_COLOR_NAME = AccentColor;
				CODE_SIGN_STYLE = Automatic;
				CURRENT_PROJECT_VERSION = 1;
				DEVELOPMENT_TEAM = PNL8X2N9J2;
				GENERATE_INFOPLIST_FILE = YES;
				INFOPLIST_FILE = AppleMusicClone/Info.plist;
				INFOPLIST_KEY_UIApplicationSupportsIndirectInputEvents = YES;
				INFOPLIST_KEY_UILaunchStoryboardName = LaunchScreen;
				INFOPLIST_KEY_UIMainStoryboardFile = Main;
				INFOPLIST_KEY_UISupportedInterfaceOrientations_iPad = "UIInterfaceOrientationPortrait UIInterfaceOrientationPortraitUpsideDown UIInterfaceOrientationLandscapeLeft UIInterfaceOrientationLandscapeRight";
				INFOPLIST_KEY_UISupportedInterfaceOrientations_iPhone = "UIInterfaceOrientationPortrait UIInterfaceOrientationLandscapeLeft UIInterfaceOrientationLandscapeRight";
				LD_RUNPATH_SEARCH_PATHS = (
					"$(inherited)",
					"@executable_path/Frameworks",
				);
				MARKETING_VERSION = 1.0;
				PRODUCT_BUNDLE_IDENTIFIER = com.vladimiroff.AppleMusicClone;
				PRODUCT_NAME = "$(TARGET_NAME)";
				SWIFT_EMIT_LOC_STRINGS = YES;
				SWIFT_VERSION = 5.0;
				TARGETED_DEVICE_FAMILY = "1,2";
			};
			name = Debug;
		};
		85143C8B29F6C16200046154 /* Release */ = {
			isa = XCBuildConfiguration;
			buildSettings = {
				ASSETCATALOG_COMPILER_APPICON_NAME = AppIcon;
				ASSETCATALOG_COMPILER_GLOBAL_ACCENT_COLOR_NAME = AccentColor;
				CODE_SIGN_STYLE = Automatic;
				CURRENT_PROJECT_VERSION = 1;
				DEVELOPMENT_TEAM = PNL8X2N9J2;
				GENERATE_INFOPLIST_FILE = YES;
				INFOPLIST_FILE = AppleMusicClone/Info.plist;
				INFOPLIST_KEY_UIApplicationSupportsIndirectInputEvents = YES;
				INFOPLIST_KEY_UILaunchStoryboardName = LaunchScreen;
				INFOPLIST_KEY_UIMainStoryboardFile = Main;
				INFOPLIST_KEY_UISupportedInterfaceOrientations_iPad = "UIInterfaceOrientationPortrait UIInterfaceOrientationPortraitUpsideDown UIInterfaceOrientationLandscapeLeft UIInterfaceOrientationLandscapeRight";
				INFOPLIST_KEY_UISupportedInterfaceOrientations_iPhone = "UIInterfaceOrientationPortrait UIInterfaceOrientationLandscapeLeft UIInterfaceOrientationLandscapeRight";
				LD_RUNPATH_SEARCH_PATHS = (
					"$(inherited)",
					"@executable_path/Frameworks",
				);
				MARKETING_VERSION = 1.0;
				PRODUCT_BUNDLE_IDENTIFIER = com.vladimiroff.AppleMusicClone;
				PRODUCT_NAME = "$(TARGET_NAME)";
				SWIFT_EMIT_LOC_STRINGS = YES;
				SWIFT_VERSION = 5.0;
				TARGETED_DEVICE_FAMILY = "1,2";
			};
			name = Release;
		};
/* End XCBuildConfiguration section */

/* Begin XCConfigurationList section */
		85143C6D29F6C16100046154 /* Build configuration list for PBXProject "AppleMusicClone" */ = {
			isa = XCConfigurationList;
			buildConfigurations = (
				85143C8729F6C16200046154 /* Debug */,
				85143C8829F6C16200046154 /* Release */,
			);
			defaultConfigurationIsVisible = 0;
			defaultConfigurationName = Release;
		};
		85143C8929F6C16200046154 /* Build configuration list for PBXNativeTarget "AppleMusicClone" */ = {
			isa = XCConfigurationList;
			buildConfigurations = (
				85143C8A29F6C16200046154 /* Debug */,
				85143C8B29F6C16200046154 /* Release */,
			);
			defaultConfigurationIsVisible = 0;
			defaultConfigurationName = Release;
		};
/* End XCConfigurationList section */

/* Begin XCVersionGroup section */
		85143C7E29F6C16100046154 /* AppleMusicClone.xcdatamodeld */ = {
			isa = XCVersionGroup;
			children = (
				85143C7F29F6C16100046154 /* AppleMusicClone.xcdatamodel */,
			);
			currentVersion = 85143C7F29F6C16100046154 /* AppleMusicClone.xcdatamodel */;
			path = AppleMusicClone.xcdatamodeld;
			sourceTree = "<group>";
			versionGroupType = wrapper.xcdatamodel;
		};
/* End XCVersionGroup section */
	};
	rootObject = 85143C6A29F6C16100046154 /* Project object */;
}
